
Microsoft Visual Studio Solution File, Format Version 12.00
# Visual Studio 14
VisualStudioVersion = 14.0.25420.1
MinimumVisualStudioVersion = 10.0.40219.1
Project("{FAE04EC0-301F-11D3-BF4B-00C04F79EFBC}") = "BudgetProgram", "Tester\BudgetProgram.csproj", "{61267650-951E-496C-A842-938CE95CAFC6}"
EndProject
Project("{2150E333-8FDC-42A3-9474-1A3956D46DE8}") = "Solution Items", "Solution Items", "{E527DB7F-F8DD-454C-B58C-E2C2A0496A0B}"
	ProjectSection(SolutionItems) = preProject
		posteringFil.txt = posteringFil.txt
	EndProjectSection
EndProject
Project("{FAE04EC0-301F-11D3-BF4B-00C04F79EFBC}") = "BudgetAndroid", "BudgetAndroid\BudgetAndroid.csproj", "{1426B3ED-DDB9-48AA-891F-3900E0D944E0}"
EndProject
Global
	GlobalSection(SolutionConfigurationPlatforms) = preSolution
		Debug|Any CPU = Debug|Any CPU
		Release|Any CPU = Release|Any CPU
	EndGlobalSection
	GlobalSection(ProjectConfigurationPlatforms) = postSolution
		{61267650-951E-496C-A842-938CE95CAFC6}.Debug|Any CPU.ActiveCfg = Debug|Any CPU
		{61267650-951E-496C-A842-938CE95CAFC6}.Debug|Any CPU.Build.0 = Debug|Any CPU
		{61267650-951E-496C-A842-938CE95CAFC6}.Release|Any CPU.ActiveCfg = Release|Any CPU
		{61267650-951E-496C-A842-938CE95CAFC6}.Release|Any CPU.Build.0 = Release|Any CPU
		{1426B3ED-DDB9-48AA-891F-3900E0D944E0}.Debug|Any CPU.ActiveCfg = Debug|Any CPU
		{1426B3ED-DDB9-48AA-891F-3900E0D944E0}.Debug|Any CPU.Build.0 = Debug|Any CPU
		{1426B3ED-DDB9-48AA-891F-3900E0D944E0}.Debug|Any CPU.Deploy.0 = Debug|Any CPU
		{1426B3ED-DDB9-48AA-891F-3900E0D944E0}.Release|Any CPU.ActiveCfg = Release|Any CPU
		{1426B3ED-DDB9-48AA-891F-3900E0D944E0}.Release|Any CPU.Build.0 = Release|Any CPU
		{1426B3ED-DDB9-48AA-891F-3900E0D944E0}.Release|Any CPU.Deploy.0 = Release|Any CPU
	EndGlobalSection
	GlobalSection(SolutionProperties) = preSolution
		HideSolutionNode = FALSE
	EndGlobalSection
EndGlobal
